
Microsoft Visual Studio Solution File, Format Version 12.00
# Visual Studio 14
VisualStudioVersion = 14.0.25420.1
MinimumVisualStudioVersion = 10.0.40219.1
Project("{FAE04EC0-301F-11D3-BF4B-00C04F79EFBC}") = "EntityGen.Core", "EntityGen.Core\EntityGen.Core.csproj", "{C71C1022-9950-400B-944B-0703277CDD02}"
EndProject
Project("{FAE04EC0-301F-11D3-BF4B-00C04F79EFBC}") = "EntityGen.UI", "EntityGen.UI\EntityGen.UI.csproj", "{6D97EBEE-C19B-4977-A1BE-6987794EB5E8}"
EndProject
Global
	GlobalSection(SolutionConfigurationPlatforms) = preSolution
		Debug|Any CPU = Debug|Any CPU
		Release|Any CPU = Release|Any CPU
	EndGlobalSection
	GlobalSection(ProjectConfigurationPlatforms) = postSolution
		{C71C1022-9950-400B-944B-0703277CDD02}.Debug|Any CPU.ActiveCfg = Debug|Any CPU
		{C71C1022-9950-400B-944B-0703277CDD02}.Debug|Any CPU.Build.0 = Debug|Any CPU
		{C71C1022-9950-400B-944B-0703277CDD02}.Release|Any CPU.ActiveCfg = Release|Any CPU
		{C71C1022-9950-400B-944B-0703277CDD02}.Release|Any CPU.Build.0 = Release|Any CPU
		{6D97EBEE-C19B-4977-A1BE-6987794EB5E8}.Debug|Any CPU.ActiveCfg = Debug|Any CPU
		{6D97EBEE-C19B-4977-A1BE-6987794EB5E8}.Debug|Any CPU.Build.0 = Debug|Any CPU
		{6D97EBEE-C19B-4977-A1BE-6987794EB5E8}.Release|Any CPU.ActiveCfg = Release|Any CPU
		{6D97EBEE-C19B-4977-A1BE-6987794EB5E8}.Release|Any CPU.Build.0 = Release|Any CPU
	EndGlobalSection
	GlobalSection(SolutionProperties) = preSolution
		HideSolutionNode = FALSE
	EndGlobalSection
EndGlobal
